
Microsoft Visual Studio Solution File, Format Version 12.00
# Visual Studio Version 16
VisualStudioVersion = 16.0.31624.102
MinimumVisualStudioVersion = 10.0.40219.1
Project("{FAE04EC0-301F-11D3-BF4B-00C04F79EFBC}") = "ArchivoBinario", "ArchivoBinario\ArchivoBinario.csproj", "{71C842BA-E99A-444C-B883-105703D731E5}"
EndProject
Global
	GlobalSection(SolutionConfigurationPlatforms) = preSolution
		Debug|Any CPU = Debug|Any CPU
		Release|Any CPU = Release|Any CPU
	EndGlobalSection
	GlobalSection(ProjectConfigurationPlatforms) = postSolution
		{71C842BA-E99A-444C-B883-105703D731E5}.Debug|Any CPU.ActiveCfg = Debug|Any CPU
		{71C842BA-E99A-444C-B883-105703D731E5}.Debug|Any CPU.Build.0 = Debug|Any CPU
		{71C842BA-E99A-444C-B883-105703D731E5}.Release|Any CPU.ActiveCfg = Release|Any CPU
		{71C842BA-E99A-444C-B883-105703D731E5}.Release|Any CPU.Build.0 = Release|Any CPU
	EndGlobalSection
	GlobalSection(SolutionProperties) = preSolution
		HideSolutionNode = FALSE
	EndGlobalSection
	GlobalSection(ExtensibilityGlobals) = postSolution
		SolutionGuid = {0C79946D-06FE-4976-A911-A95C40048406}
	EndGlobalSection
EndGlobal
